
Microsoft Visual Studio Solution File, Format Version 12.00
# Visual Studio Version 17
VisualStudioVersion = 17.13.35919.96 d17.13
MinimumVisualStudioVersion = 10.0.40219.1
Project("{FAE04EC0-301F-11D3-BF4B-00C04F79EFBC}") = "WebApplication2", "WebApplication2\WebApplication2.csproj", "{2D8E0264-67C0-4859-A3F6-F7488A1BE01D}"
EndProject
Global
	GlobalSection(SolutionConfigurationPlatforms) = preSolution
		Debug|Any CPU = Debug|Any CPU
		Release|Any CPU = Release|Any CPU
	EndGlobalSection
	GlobalSection(ProjectConfigurationPlatforms) = postSolution
		{2D8E0264-67C0-4859-A3F6-F7488A1BE01D}.Debug|Any CPU.ActiveCfg = Debug|Any CPU
		{2D8E0264-67C0-4859-A3F6-F7488A1BE01D}.Debug|Any CPU.Build.0 = Debug|Any CPU
		{2D8E0264-67C0-4859-A3F6-F7488A1BE01D}.Release|Any CPU.ActiveCfg = Release|Any CPU
		{2D8E0264-67C0-4859-A3F6-F7488A1BE01D}.Release|Any CPU.Build.0 = Release|Any CPU
	EndGlobalSection
	GlobalSection(SolutionProperties) = preSolution
		HideSolutionNode = FALSE
	EndGlobalSection
	GlobalSection(ExtensibilityGlobals) = postSolution
		SolutionGuid = {BF30F248-7E9D-46BB-88E9-885FC1B2C6F2}
	EndGlobalSection
EndGlobal
